// !$*UTF8*$!
{
	archiveVersion = 1;
	classes = {
	};
	objectVersion = 46;
	objects = {

/* Begin PBXBuildFile section */
		2B61F83A1AB4EC1D00D4CCBC /* AppDelegate.swift in Sources */ = {isa = PBXBuildFile; fileRef = 2B61F8391AB4EC1D00D4CCBC /* AppDelegate.swift */; };
		2B61F83C1AB4EC1D00D4CCBC /* ViewController.swift in Sources */ = {isa = PBXBuildFile; fileRef = 2B61F83B1AB4EC1D00D4CCBC /* ViewController.swift */; };
		2B61F83F1AB4EC1D00D4CCBC /* Main.storyboard in Resources */ = {isa = PBXBuildFile; fileRef = 2B61F83D1AB4EC1D00D4CCBC /* Main.storyboard */; };
		2B61F8411AB4EC1D00D4CCBC /* Images.xcassets in Resources */ = {isa = PBXBuildFile; fileRef = 2B61F8401AB4EC1D00D4CCBC /* Images.xcassets */; };
		2B61F8441AB4EC1D00D4CCBC /* LaunchScreen.xib in Resources */ = {isa = PBXBuildFile; fileRef = 2B61F8421AB4EC1D00D4CCBC /* LaunchScreen.xib */; };
		2B61F8501AB4EC1D00D4CCBC /* WatchImageGlitchDemoTests.swift in Sources */ = {isa = PBXBuildFile; fileRef = 2B61F84F1AB4EC1D00D4CCBC /* WatchImageGlitchDemoTests.swift */; };
		2B61F8621AB4EC3400D4CCBC /* InterfaceController.swift in Sources */ = {isa = PBXBuildFile; fileRef = 2B61F8611AB4EC3400D4CCBC /* InterfaceController.swift */; };
		2B61F8641AB4EC3400D4CCBC /* Images.xcassets in Resources */ = {isa = PBXBuildFile; fileRef = 2B61F8631AB4EC3400D4CCBC /* Images.xcassets */; };
		2B61F8681AB4EC3400D4CCBC /* WatchImageGlitchDemo WatchKit App.app in Resources */ = {isa = PBXBuildFile; fileRef = 2B61F8671AB4EC3400D4CCBC /* WatchImageGlitchDemo WatchKit App.app */; };
		2B61F8701AB4EC3400D4CCBC /* Interface.storyboard in Resources */ = {isa = PBXBuildFile; fileRef = 2B61F86E1AB4EC3400D4CCBC /* Interface.storyboard */; };
		2B61F8721AB4EC3400D4CCBC /* Images.xcassets in Resources */ = {isa = PBXBuildFile; fileRef = 2B61F8711AB4EC3400D4CCBC /* Images.xcassets */; };
		2B61F8751AB4EC3400D4CCBC /* WatchImageGlitchDemo WatchKit Extension.appex in Embed App Extensions */ = {isa = PBXBuildFile; fileRef = 2B61F85D1AB4EC3400D4CCBC /* WatchImageGlitchDemo WatchKit Extension.appex */; settings = {ATTRIBUTES = (RemoveHeadersOnCopy, ); }; };
		2B61F87F1AB4ED2E00D4CCBC /* image_1@2x.png in Resources */ = {isa = PBXBuildFile; fileRef = 2B61F87E1AB4ED2E00D4CCBC /* image_1@2x.png */; };
		2B61F8811AB4ED3400D4CCBC /* image_10@2x.png in Resources */ = {isa = PBXBuildFile; fileRef = 2B61F8801AB4ED3400D4CCBC /* image_10@2x.png */; };
/* End PBXBuildFile section */

/* Begin PBXContainerItemProxy section */
		2B61F84A1AB4EC1D00D4CCBC /* PBXContainerItemProxy */ = {
			isa = PBXContainerItemProxy;
			containerPortal = 2B61F82C1AB4EC1D00D4CCBC /* Project object */;
			proxyType = 1;
			remoteGlobalIDString = 2B61F8331AB4EC1D00D4CCBC;
			remoteInfo = WatchImageGlitchDemo;
		};
		2B61F8691AB4EC3400D4CCBC /* PBXContainerItemProxy */ = {
			isa = PBXContainerItemProxy;
			containerPortal = 2B61F82C1AB4EC1D00D4CCBC /* Project object */;
			proxyType = 1;
			remoteGlobalIDString = 2B61F8661AB4EC3400D4CCBC;
			remoteInfo = "WatchImageGlitchDemo WatchKit App";
		};
		2B61F8731AB4EC3400D4CCBC /* PBXContainerItemProxy */ = {
			isa = PBXContainerItemProxy;
			containerPortal = 2B61F82C1AB4EC1D00D4CCBC /* Project object */;
			proxyType = 1;
			remoteGlobalIDString = 2B61F85C1AB4EC3400D4CCBC;
			remoteInfo = "WatchImageGlitchDemo WatchKit Extension";
		};
/* End PBXContainerItemProxy section */

/* Begin PBXCopyFilesBuildPhase section */
		2B61F87C1AB4EC3400D4CCBC /* Embed App Extensions */ = {
			isa = PBXCopyFilesBuildPhase;
			buildActionMask = 2147483647;
			dstPath = "";
			dstSubfolderSpec = 13;
			files = (
				2B61F8751AB4EC3400D4CCBC /* WatchImageGlitchDemo WatchKit Extension.appex in Embed App Extensions */,
			);
			name = "Embed App Extensions";
			runOnlyForDeploymentPostprocessing = 0;
		};
/* End PBXCopyFilesBuildPhase section */

/* Begin PBXFileReference section */
		2B61F8341AB4EC1D00D4CCBC /* WatchImageGlitchDemo.app */ = {isa = PBXFileReference; explicitFileType = wrapper.application; includeInIndex = 0; path = WatchImageGlitchDemo.app; sourceTree = BUILT_PRODUCTS_DIR; };
		2B61F8381AB4EC1D00D4CCBC /* Info.plist */ = {isa = PBXFileReference; lastKnownFileType = text.plist.xml; path = Info.plist; sourceTree = "<group>"; };
		2B61F8391AB4EC1D00D4CCBC /* AppDelegate.swift */ = {isa = PBXFileReference; lastKnownFileType = sourcecode.swift; path = AppDelegate.swift; sourceTree = "<group>"; };
		2B61F83B1AB4EC1D00D4CCBC /* ViewController.swift */ = {isa = PBXFileReference; lastKnownFileType = sourcecode.swift; path = ViewController.swift; sourceTree = "<group>"; };
		2B61F83E1AB4EC1D00D4CCBC /* Base */ = {isa = PBXFileReference; lastKnownFileType = file.storyboard; name = Base; path = Base.lproj/Main.storyboard; sourceTree = "<group>"; };
		2B61F8401AB4EC1D00D4CCBC /* Images.xcassets */ = {isa = PBXFileReference; lastKnownFileType = folder.assetcatalog; path = Images.xcassets; sourceTree = "<group>"; };
		2B61F8431AB4EC1D00D4CCBC /* Base */ = {isa = PBXFileReference; lastKnownFileType = file.xib; name = Base; path = Base.lproj/LaunchScreen.xib; sourceTree = "<group>"; };
		2B61F8491AB4EC1D00D4CCBC /* WatchImageGlitchDemoTests.xctest */ = {isa = PBXFileReference; explicitFileType = wrapper.cfbundle; includeInIndex = 0; path = WatchImageGlitchDemoTests.xctest; sourceTree = BUILT_PRODUCTS_DIR; };
		2B61F84E1AB4EC1D00D4CCBC /* Info.plist */ = {isa = PBXFileReference; lastKnownFileType = text.plist.xml; path = Info.plist; sourceTree = "<group>"; };
		2B61F84F1AB4EC1D00D4CCBC /* WatchImageGlitchDemoTests.swift */ = {isa = PBXFileReference; lastKnownFileType = sourcecode.swift; path = WatchImageGlitchDemoTests.swift; sourceTree = "<group>"; };
		2B61F85D1AB4EC3400D4CCBC /* WatchImageGlitchDemo WatchKit Extension.appex */ = {isa = PBXFileReference; explicitFileType = "wrapper.app-extension"; includeInIndex = 0; path = "WatchImageGlitchDemo WatchKit Extension.appex"; sourceTree = BUILT_PRODUCTS_DIR; };
		2B61F8601AB4EC3400D4CCBC /* Info.plist */ = {isa = PBXFileReference; lastKnownFileType = text.plist.xml; path = Info.plist; sourceTree = "<group>"; };
		2B61F8611AB4EC3400D4CCBC /* InterfaceController.swift */ = {isa = PBXFileReference; lastKnownFileType = sourcecode.swift; path = InterfaceController.swift; sourceTree = "<group>"; };
		2B61F8631AB4EC3400D4CCBC /* Images.xcassets */ = {isa = PBXFileReference; lastKnownFileType = folder.assetcatalog; path = Images.xcassets; sourceTree = "<group>"; };
		2B61F8671AB4EC3400D4CCBC /* WatchImageGlitchDemo WatchKit App.app */ = {isa = PBXFileReference; explicitFileType = wrapper.application; includeInIndex = 0; path = "WatchImageGlitchDemo WatchKit App.app"; sourceTree = BUILT_PRODUCTS_DIR; };
		2B61F86D1AB4EC3400D4CCBC /* Info.plist */ = {isa = PBXFileReference; lastKnownFileType = text.plist.xml; path = Info.plist; sourceTree = "<group>"; };
		2B61F86F1AB4EC3400D4CCBC /* Base */ = {isa = PBXFileReference; lastKnownFileType = file.storyboard; name = Base; path = Base.lproj/Interface.storyboard; sourceTree = "<group>"; };
		2B61F8711AB4EC3400D4CCBC /* Images.xcassets */ = {isa = PBXFileReference; lastKnownFileType = folder.assetcatalog; path = Images.xcassets; sourceTree = "<group>"; };
		2B61F87E1AB4ED2E00D4CCBC /* image_1@2x.png */ = {isa = PBXFileReference; lastKnownFileType = image.png; path = "image_1@2x.png"; sourceTree = "<group>"; };
		2B61F8801AB4ED3400D4CCBC /* image_10@2x.png */ = {isa = PBXFileReference; lastKnownFileType = image.png; path = "image_10@2x.png"; sourceTree = "<group>"; };
/* End PBXFileReference section */

/* Begin PBXFrameworksBuildPhase section */
		2B61F8311AB4EC1D00D4CCBC /* Frameworks */ = {
			isa = PBXFrameworksBuildPhase;
			buildActionMask = 2147483647;
			files = (
			);
			runOnlyForDeploymentPostprocessing = 0;
		};
		2B61F8461AB4EC1D00D4CCBC /* Frameworks */ = {
			isa = PBXFrameworksBuildPhase;
			buildActionMask = 2147483647;
			files = (
			);
			runOnlyForDeploymentPostprocessing = 0;
		};
		2B61F85A1AB4EC3400D4CCBC /* Frameworks */ = {
			isa = PBXFrameworksBuildPhase;
			buildActionMask = 2147483647;
			files = (
			);
			runOnlyForDeploymentPostprocessing = 0;
		};
/* End PBXFrameworksBuildPhase section */

/* Begin PBXGroup section */
		2B61F82B1AB4EC1D00D4CCBC = {
			isa = PBXGroup;
			children = (
				2B61F8361AB4EC1D00D4CCBC /* WatchImageGlitchDemo */,
				2B61F84C1AB4EC1D00D4CCBC /* WatchImageGlitchDemoTests */,
				2B61F85E1AB4EC3400D4CCBC /* WatchImageGlitchDemo WatchKit Extension */,
				2B61F86B1AB4EC3400D4CCBC /* WatchImageGlitchDemo WatchKit App */,
				2B61F8351AB4EC1D00D4CCBC /* Products */,
			);
			sourceTree = "<group>";
		};
		2B61F8351AB4EC1D00D4CCBC /* Products */ = {
			isa = PBXGroup;
			children = (
				2B61F8341AB4EC1D00D4CCBC /* WatchImageGlitchDemo.app */,
				2B61F8491AB4EC1D00D4CCBC /* WatchImageGlitchDemoTests.xctest */,
				2B61F85D1AB4EC3400D4CCBC /* WatchImageGlitchDemo WatchKit Extension.appex */,
				2B61F8671AB4EC3400D4CCBC /* WatchImageGlitchDemo WatchKit App.app */,
			);
			name = Products;
			sourceTree = "<group>";
		};
		2B61F8361AB4EC1D00D4CCBC /* WatchImageGlitchDemo */ = {
			isa = PBXGroup;
			children = (
				2B61F8391AB4EC1D00D4CCBC /* AppDelegate.swift */,
				2B61F83B1AB4EC1D00D4CCBC /* ViewController.swift */,
				2B61F83D1AB4EC1D00D4CCBC /* Main.storyboard */,
				2B61F8401AB4EC1D00D4CCBC /* Images.xcassets */,
				2B61F8421AB4EC1D00D4CCBC /* LaunchScreen.xib */,
				2B61F8371AB4EC1D00D4CCBC /* Supporting Files */,
			);
			path = WatchImageGlitchDemo;
			sourceTree = "<group>";
		};
		2B61F8371AB4EC1D00D4CCBC /* Supporting Files */ = {
			isa = PBXGroup;
			children = (
				2B61F8381AB4EC1D00D4CCBC /* Info.plist */,
			);
			name = "Supporting Files";
			sourceTree = "<group>";
		};
		2B61F84C1AB4EC1D00D4CCBC /* WatchImageGlitchDemoTests */ = {
			isa = PBXGroup;
			children = (
				2B61F84F1AB4EC1D00D4CCBC /* WatchImageGlitchDemoTests.swift */,
				2B61F84D1AB4EC1D00D4CCBC /* Supporting Files */,
			);
			path = WatchImageGlitchDemoTests;
			sourceTree = "<group>";
		};
		2B61F84D1AB4EC1D00D4CCBC /* Supporting Files */ = {
			isa = PBXGroup;
			children = (
				2B61F84E1AB4EC1D00D4CCBC /* Info.plist */,
			);
			name = "Supporting Files";
			sourceTree = "<group>";
		};
		2B61F85E1AB4EC3400D4CCBC /* WatchImageGlitchDemo WatchKit Extension */ = {
			isa = PBXGroup;
			children = (
				2B61F8611AB4EC3400D4CCBC /* InterfaceController.swift */,
				2B61F8631AB4EC3400D4CCBC /* Images.xcassets */,
				2B61F85F1AB4EC3400D4CCBC /* Supporting Files */,
			);
			path = "WatchImageGlitchDemo WatchKit Extension";
			sourceTree = "<group>";
		};
		2B61F85F1AB4EC3400D4CCBC /* Supporting Files */ = {
			isa = PBXGroup;
			children = (
				2B61F8601AB4EC3400D4CCBC /* Info.plist */,
			);
			name = "Supporting Files";
			sourceTree = "<group>";
		};
		2B61F86B1AB4EC3400D4CCBC /* WatchImageGlitchDemo WatchKit App */ = {
			isa = PBXGroup;
			children = (
				2B61F87D1AB4ED0A00D4CCBC /* Images */,
				2B61F86E1AB4EC3400D4CCBC /* Interface.storyboard */,
				2B61F8711AB4EC3400D4CCBC /* Images.xcassets */,
				2B61F86C1AB4EC3400D4CCBC /* Supporting Files */,
			);
			path = "WatchImageGlitchDemo WatchKit App";
			sourceTree = "<group>";
		};
		2B61F86C1AB4EC3400D4CCBC /* Supporting Files */ = {
			isa = PBXGroup;
			children = (
				2B61F86D1AB4EC3400D4CCBC /* Info.plist */,
			);
			name = "Supporting Files";
			sourceTree = "<group>";
		};
		2B61F87D1AB4ED0A00D4CCBC /* Images */ = {
			isa = PBXGroup;
			children = (
				2B61F87E1AB4ED2E00D4CCBC /* image_1@2x.png */,
				2B61F8801AB4ED3400D4CCBC /* image_10@2x.png */,
			);
			name = Images;
			sourceTree = "<group>";
		};
/* End PBXGroup section */

/* Begin PBXNativeTarget section */
		2B61F8331AB4EC1D00D4CCBC /* WatchImageGlitchDemo */ = {
			isa = PBXNativeTarget;
			buildConfigurationList = 2B61F8531AB4EC1D00D4CCBC /* Build configuration list for PBXNativeTarget "WatchImageGlitchDemo" */;
			buildPhases = (
				2B61F8301AB4EC1D00D4CCBC /* Sources */,
				2B61F8311AB4EC1D00D4CCBC /* Frameworks */,
				2B61F8321AB4EC1D00D4CCBC /* Resources */,
				2B61F87C1AB4EC3400D4CCBC /* Embed App Extensions */,
			);
			buildRules = (
			);
			dependencies = (
				2B61F8741AB4EC3400D4CCBC /* PBXTargetDependency */,
			);
			name = WatchImageGlitchDemo;
			productName = WatchImageGlitchDemo;
			productReference = 2B61F8341AB4EC1D00D4CCBC /* WatchImageGlitchDemo.app */;
			productType = "com.apple.product-type.application";
		};
		2B61F8481AB4EC1D00D4CCBC /* WatchImageGlitchDemoTests */ = {
			isa = PBXNativeTarget;
			buildConfigurationList = 2B61F8561AB4EC1D00D4CCBC /* Build configuration list for PBXNativeTarget "WatchImageGlitchDemoTests" */;
			buildPhases = (
				2B61F8451AB4EC1D00D4CCBC /* Sources */,
				2B61F8461AB4EC1D00D4CCBC /* Frameworks */,
				2B61F8471AB4EC1D00D4CCBC /* Resources */,
			);
			buildRules = (
			);
			dependencies = (
				2B61F84B1AB4EC1D00D4CCBC /* PBXTargetDependency */,
			);
			name = WatchImageGlitchDemoTests;
			productName = WatchImageGlitchDemoTests;
			productReference = 2B61F8491AB4EC1D00D4CCBC /* WatchImageGlitchDemoTests.xctest */;
			productType = "com.apple.product-type.bundle.unit-test";
		};
		2B61F85C1AB4EC3400D4CCBC /* WatchImageGlitchDemo WatchKit Extension */ = {
			isa = PBXNativeTarget;
			buildConfigurationList = 2B61F8791AB4EC3400D4CCBC /* Build configuration list for PBXNativeTarget "WatchImageGlitchDemo WatchKit Extension" */;
			buildPhases = (
				2B61F8591AB4EC3400D4CCBC /* Sources */,
				2B61F85A1AB4EC3400D4CCBC /* Frameworks */,
				2B61F85B1AB4EC3400D4CCBC /* Resources */,
			);
			buildRules = (
			);
			dependencies = (
				2B61F86A1AB4EC3400D4CCBC /* PBXTargetDependency */,
			);
			name = "WatchImageGlitchDemo WatchKit Extension";
			productName = "WatchImageGlitchDemo WatchKit Extension";
			productReference = 2B61F85D1AB4EC3400D4CCBC /* WatchImageGlitchDemo WatchKit Extension.appex */;
			productType = "com.apple.product-type.watchkit-extension";
		};
		2B61F8661AB4EC3400D4CCBC /* WatchImageGlitchDemo WatchKit App */ = {
			isa = PBXNativeTarget;
			buildConfigurationList = 2B61F8761AB4EC3400D4CCBC /* Build configuration list for PBXNativeTarget "WatchImageGlitchDemo WatchKit App" */;
			buildPhases = (
				2B61F8651AB4EC3400D4CCBC /* Resources */,
			);
			buildRules = (
			);
			dependencies = (
			);
			name = "WatchImageGlitchDemo WatchKit App";
			productName = "WatchImageGlitchDemo WatchKit App";
			productReference = 2B61F8671AB4EC3400D4CCBC /* WatchImageGlitchDemo WatchKit App.app */;
			productType = "com.apple.product-type.application.watchapp";
		};
/* End PBXNativeTarget section */

/* Begin PBXProject section */
		2B61F82C1AB4EC1D00D4CCBC /* Project object */ = {
			isa = PBXProject;
			attributes = {
				LastUpgradeCheck = 0620;
				ORGANIZATIONNAME = "Evgenii Neumerzhitckii";
				TargetAttributes = {
					2B61F8331AB4EC1D00D4CCBC = {
						CreatedOnToolsVersion = 6.2;
					};
					2B61F8481AB4EC1D00D4CCBC = {
						CreatedOnToolsVersion = 6.2;
						TestTargetID = 2B61F8331AB4EC1D00D4CCBC;
					};
					2B61F85C1AB4EC3400D4CCBC = {
						CreatedOnToolsVersion = 6.2;
					};
					2B61F8661AB4EC3400D4CCBC = {
						CreatedOnToolsVersion = 6.2;
					};
				};
			};
			buildConfigurationList = 2B61F82F1AB4EC1D00D4CCBC /* Build configuration list for PBXProject "WatchImageGlitchDemo" */;
			compatibilityVersion = "Xcode 3.2";
			developmentRegion = English;
			hasScannedForEncodings = 0;
			knownRegions = (
				en,
				Base,
			);
			mainGroup = 2B61F82B1AB4EC1D00D4CCBC;
			productRefGroup = 2B61F8351AB4EC1D00D4CCBC /* Products */;
			projectDirPath = "";
			projectRoot = "";
			targets = (
				2B61F8331AB4EC1D00D4CCBC /* WatchImageGlitchDemo */,
				2B61F8481AB4EC1D00D4CCBC /* WatchImageGlitchDemoTests */,
				2B61F85C1AB4EC3400D4CCBC /* WatchImageGlitchDemo WatchKit Extension */,
				2B61F8661AB4EC3400D4CCBC /* WatchImageGlitchDemo WatchKit App */,
			);
		};
/* End PBXProject section */

/* Begin PBXResourcesBuildPhase section */
		2B61F8321AB4EC1D00D4CCBC /* Resources */ = {
			isa = PBXResourcesBuildPhase;
			buildActionMask = 2147483647;
			files = (
				2B61F83F1AB4EC1D00D4CCBC /* Main.storyboard in Resources */,
				2B61F8441AB4EC1D00D4CCBC /* LaunchScreen.xib in Resources */,
				2B61F8411AB4EC1D00D4CCBC /* Images.xcassets in Resources */,
			);
			runOnlyForDeploymentPostprocessing = 0;
		};
		2B61F8471AB4EC1D00D4CCBC /* Resources */ = {
			isa = PBXResourcesBuildPhase;
			buildActionMask = 2147483647;
			files = (
			);
			runOnlyForDeploymentPostprocessing = 0;
		};
		2B61F85B1AB4EC3400D4CCBC /* Resources */ = {
			isa = PBXResourcesBuildPhase;
			buildActionMask = 2147483647;
			files = (
				2B61F8681AB4EC3400D4CCBC /* WatchImageGlitchDemo WatchKit App.app in Resources */,
				2B61F8641AB4EC3400D4CCBC /* Images.xcassets in Resources */,
			);
			runOnlyForDeploymentPostprocessing = 0;
		};
		2B61F8651AB4EC3400D4CCBC /* Resources */ = {
			isa = PBXResourcesBuildPhase;
			buildActionMask = 2147483647;
			files = (
				2B61F87F1AB4ED2E00D4CCBC /* image_1@2x.png in Resources */,
				2B61F8701AB4EC3400D4CCBC /* Interface.storyboard in Resources */,
				2B61F8721AB4EC3400D4CCBC /* Images.xcassets in Resources */,
				2B61F8811AB4ED3400D4CCBC /* image_10@2x.png in Resources */,
			);
			runOnlyForDeploymentPostprocessing = 0;
		};
/* End PBXResourcesBuildPhase section */

/* Begin PBXSourcesBuildPhase section */
		2B61F8301AB4EC1D00D4CCBC /* Sources */ = {
			isa = PBXSourcesBuildPhase;
			buildActionMask = 2147483647;
			files = (
				2B61F83C1AB4EC1D00D4CCBC /* ViewController.swift in Sources */,
				2B61F83A1AB4EC1D00D4CCBC /* AppDelegate.swift in Sources */,
			);
			runOnlyForDeploymentPostprocessing = 0;
		};
		2B61F8451AB4EC1D00D4CCBC /* Sources */ = {
			isa = PBXSourcesBuildPhase;
			buildActionMask = 2147483647;
			files = (
				2B61F8501AB4EC1D00D4CCBC /* WatchImageGlitchDemoTests.swift in Sources */,
			);
			runOnlyForDeploymentPostprocessing = 0;
		};
		2B61F8591AB4EC3400D4CCBC /* Sources */ = {
			isa = PBXSourcesBuildPhase;
			buildActionMask = 2147483647;
			files = (
				2B61F8621AB4EC3400D4CCBC /* InterfaceController.swift in Sources */,
			);
			runOnlyForDeploymentPostprocessing = 0;
		};
/* End PBXSourcesBuildPhase section */

/* Begin PBXTargetDependency section */
		2B61F84B1AB4EC1D00D4CCBC /* PBXTargetDependency */ = {
			isa = PBXTargetDependency;
			target = 2B61F8331AB4EC1D00D4CCBC /* WatchImageGlitchDemo */;
			targetProxy = 2B61F84A1AB4EC1D00D4CCBC /* PBXContainerItemProxy */;
		};
		2B61F86A1AB4EC3400D4CCBC /* PBXTargetDependency */ = {
			isa = PBXTargetDependency;
			target = 2B61F8661AB4EC3400D4CCBC /* WatchImageGlitchDemo WatchKit App */;
			targetProxy = 2B61F8691AB4EC3400D4CCBC /* PBXContainerItemProxy */;
		};
		2B61F8741AB4EC3400D4CCBC /* PBXTargetDependency */ = {
			isa = PBXTargetDependency;
			target = 2B61F85C1AB4EC3400D4CCBC /* WatchImageGlitchDemo WatchKit Extension */;
			targetProxy = 2B61F8731AB4EC3400D4CCBC /* PBXContainerItemProxy */;
		};
/* End PBXTargetDependency section */

/* Begin PBXVariantGroup section */
		2B61F83D1AB4EC1D00D4CCBC /* Main.storyboard */ = {
			isa = PBXVariantGroup;
			children = (
				2B61F83E1AB4EC1D00D4CCBC /* Base */,
			);
			name = Main.storyboard;
			sourceTree = "<group>";
		};
		2B61F8421AB4EC1D00D4CCBC /* LaunchScreen.xib */ = {
			isa = PBXVariantGroup;
			children = (
				2B61F8431AB4EC1D00D4CCBC /* Base */,
			);
			name = LaunchScreen.xib;
			sourceTree = "<group>";
		};
		2B61F86E1AB4EC3400D4CCBC /* Interface.storyboard */ = {
			isa = PBXVariantGroup;
			children = (
				2B61F86F1AB4EC3400D4CCBC /* Base */,
			);
			name = Interface.storyboard;
			sourceTree = "<group>";
		};
/* End PBXVariantGroup section */

/* Begin XCBuildConfiguration section */
		2B61F8511AB4EC1D00D4CCBC /* Debug */ = {
			isa = XCBuildConfiguration;
			buildSettings = {
				ALWAYS_SEARCH_USER_PATHS = NO;
				CLANG_CXX_LANGUAGE_STANDARD = "gnu++0x";
				CLANG_CXX_LIBRARY = "libc++";
				CLANG_ENABLE_MODULES = YES;
				CLANG_ENABLE_OBJC_ARC = YES;
				CLANG_WARN_BOOL_CONVERSION = YES;
				CLANG_WARN_CONSTANT_CONVERSION = YES;
				CLANG_WARN_DIRECT_OBJC_ISA_USAGE = YES_ERROR;
				CLANG_WARN_EMPTY_BODY = YES;
				CLANG_WARN_ENUM_CONVERSION = YES;
				CLANG_WARN_INT_CONVERSION = YES;
				CLANG_WARN_OBJC_ROOT_CLASS = YES_ERROR;
				CLANG_WARN_UNREACHABLE_CODE = YES;
				CLANG_WARN__DUPLICATE_METHOD_MATCH = YES;
				"CODE_SIGN_IDENTITY[sdk=iphoneos*]" = "iPhone Developer";
				COPY_PHASE_STRIP = NO;
				ENABLE_STRICT_OBJC_MSGSEND = YES;
				GCC_C_LANGUAGE_STANDARD = gnu99;
				GCC_DYNAMIC_NO_PIC = NO;
				GCC_OPTIMIZATION_LEVEL = 0;
				GCC_PREPROCESSOR_DEFINITIONS = (
					"DEBUG=1",
					"$(inherited)",
				);
				GCC_SYMBOLS_PRIVATE_EXTERN = NO;
				GCC_WARN_64_TO_32_BIT_CONVERSION = YES;
				GCC_WARN_ABOUT_RETURN_TYPE = YES_ERROR;
				GCC_WARN_UNDECLARED_SELECTOR = YES;
				GCC_WARN_UNINITIALIZED_AUTOS = YES_AGGRESSIVE;
				GCC_WARN_UNUSED_FUNCTION = YES;
				GCC_WARN_UNUSED_VARIABLE = YES;
				IPHONEOS_DEPLOYMENT_TARGET = 8.2;
				MTL_ENABLE_DEBUG_INFO = YES;
				ONLY_ACTIVE_ARCH = YES;
				SDKROOT = iphoneos;
				SWIFT_OPTIMIZATION_LEVEL = "-Onone";
				TARGETED_DEVICE_FAMILY = "1,2";
			};
			name = Debug;
		};
		2B61F8521AB4EC1D00D4CCBC /* Release */ = {
			isa = XCBuildConfiguration;
			buildSettings = {
				ALWAYS_SEARCH_USER_PATHS = NO;
				CLANG_CXX_LANGUAGE_STANDARD = "gnu++0x";
				CLANG_CXX_LIBRARY = "libc++";
				CLANG_ENABLE_MODULES = YES;
				CLANG_ENABLE_OBJC_ARC = YES;
				CLANG_WARN_BOOL_CONVERSION = YES;
				CLANG_WARN_CONSTANT_CONVERSION = YES;
				CLANG_WARN_DIRECT_OBJC_ISA_USAGE = YES_ERROR;
				CLANG_WARN_EMPTY_BODY = YES;
				CLANG_WARN_ENUM_CONVERSION = YES;
				CLANG_WARN_INT_CONVERSION = YES;
				CLANG_WARN_OBJC_ROOT_CLASS = YES_ERROR;
				CLANG_WARN_UNREACHABLE_CODE = YES;
				CLANG_WARN__DUPLICATE_METHOD_MATCH = YES;
				"CODE_SIGN_IDENTITY[sdk=iphoneos*]" = "iPhone Developer";
				COPY_PHASE_STRIP = NO;
				ENABLE_NS_ASSERTIONS = NO;
				ENABLE_STRICT_OBJC_MSGSEND = YES;
				GCC_C_LANGUAGE_STANDARD = gnu99;
				GCC_WARN_64_TO_32_BIT_CONVERSION = YES;
				GCC_WARN_ABOUT_RETURN_TYPE = YES_ERROR;
				GCC_WARN_UNDECLARED_SELECTOR = YES;
				GCC_WARN_UNINITIALIZED_AUTOS = YES_AGGRESSIVE;
				GCC_WARN_UNUSED_FUNCTION = YES;
				GCC_WARN_UNUSED_VARIABLE = YES;
				IPHONEOS_DEPLOYMENT_TARGET = 8.2;
				MTL_ENABLE_DEBUG_INFO = NO;
				SDKROOT = iphoneos;
				TARGETED_DEVICE_FAMILY = "1,2";
				VALIDATE_PRODUCT = YES;
			};
			name = Release;
		};
		2B61F8541AB4EC1D00D4CCBC /* Debug */ = {
			isa = XCBuildConfiguration;
			buildSettings = {
				ASSETCATALOG_COMPILER_APPICON_NAME = AppIcon;
				EMBEDDED_CONTENT_CONTAINS_SWIFT = YES;
				INFOPLIST_FILE = WatchImageGlitchDemo/Info.plist;
				LD_RUNPATH_SEARCH_PATHS = "$(inherited) @executable_path/Frameworks";
				PRODUCT_NAME = "$(TARGET_NAME)";
			};
			name = Debug;
		};
		2B61F8551AB4EC1D00D4CCBC /* Release */ = {
			isa = XCBuildConfiguration;
			buildSettings = {
				ASSETCATALOG_COMPILER_APPICON_NAME = AppIcon;
				EMBEDDED_CONTENT_CONTAINS_SWIFT = YES;
				INFOPLIST_FILE = WatchImageGlitchDemo/Info.plist;
				LD_RUNPATH_SEARCH_PATHS = "$(inherited) @executable_path/Frameworks";
				PRODUCT_NAME = "$(TARGET_NAME)";
			};
			name = Release;
		};
		2B61F8571AB4EC1D00D4CCBC /* Debug */ = {
			isa = XCBuildConfiguration;
			buildSettings = {
				BUNDLE_LOADER = "$(TEST_HOST)";
				FRAMEWORK_SEARCH_PATHS = (
					"$(SDKROOT)/Developer/Library/Frameworks",
					"$(inherited)",
				);
				GCC_PREPROCESSOR_DEFINITIONS = (
					"DEBUG=1",
					"$(inherited)",
				);
				INFOPLIST_FILE = WatchImageGlitchDemoTests/Info.plist;
				LD_RUNPATH_SEARCH_PATHS = "$(inherited) @executable_path/Frameworks @loader_path/Frameworks";
				PRODUCT_NAME = "$(TARGET_NAME)";
				TEST_HOST = "$(BUILT_PRODUCTS_DIR)/WatchImageGlitchDemo.app/WatchImageGlitchDemo";
			};
			name = Debug;
		};
		2B61F8581AB4EC1D00D4CCBC /* Release */ = {
			isa = XCBuildConfiguration;
			buildSettings = {
				BUNDLE_LOADER = "$(TEST_HOST)";
				FRAMEWORK_SEARCH_PATHS = (
					"$(SDKROOT)/Developer/Library/Frameworks",
					"$(inherited)",
				);
				INFOPLIST_FILE = WatchImageGlitchDemoTests/Info.plist;
				LD_RUNPATH_SEARCH_PATHS = "$(inherited) @executable_path/Frameworks @loader_path/Frameworks";
				PRODUCT_NAME = "$(TARGET_NAME)";
				TEST_HOST = "$(BUILT_PRODUCTS_DIR)/WatchImageGlitchDemo.app/WatchImageGlitchDemo";
			};
			name = Release;
		};
		2B61F8771AB4EC3400D4CCBC /* Debug */ = {
			isa = XCBuildConfiguration;
			buildSettings = {
				ASSETCATALOG_COMPILER_APPICON_NAME = AppIcon;
				GCC_PREPROCESSOR_DEFINITIONS = (
					"DEBUG=1",
					"$(inherited)",
				);
				IBSC_MODULE = WatchImageGlitchDemo_WatchKit_Extension;
				INFOPLIST_FILE = "WatchImageGlitchDemo WatchKit App/Info.plist";
				PRODUCT_NAME = "$(TARGET_NAME)";
				SKIP_INSTALL = YES;
				TARGETED_DEVICE_FAMILY = 4;
				"TARGETED_DEVICE_FAMILY[sdk=iphonesimulator*]" = "1,4";
			};
			name = Debug;
		};
		2B61F8781AB4EC3400D4CCBC /* Release */ = {
			isa = XCBuildConfiguration;
			buildSettings = {
				ASSETCATALOG_COMPILER_APPICON_NAME = AppIcon;
				IBSC_MODULE = WatchImageGlitchDemo_WatchKit_Extension;
				INFOPLIST_FILE = "WatchImageGlitchDemo WatchKit App/Info.plist";
				PRODUCT_NAME = "$(TARGET_NAME)";
				SKIP_INSTALL = YES;
				TARGETED_DEVICE_FAMILY = 4;
				"TARGETED_DEVICE_FAMILY[sdk=iphonesimulator*]" = "1,4";
			};
			name = Release;
		};
		2B61F87A1AB4EC3400D4CCBC /* Debug */ = {
			isa = XCBuildConfiguration;
			buildSettings = {
				GCC_PREPROCESSOR_DEFINITIONS = (
					"DEBUG=1",
					"$(inherited)",
				);
				INFOPLIST_FILE = "WatchImageGlitchDemo WatchKit Extension/Info.plist";
				LD_RUNPATH_SEARCH_PATHS = "$(inherited) @executable_path/Frameworks @executable_path/../../Frameworks";
				PRODUCT_NAME = "${TARGET_NAME}";
				SKIP_INSTALL = YES;
			};
			name = Debug;
		};
		2B61F87B1AB4EC3400D4CCBC /* Release */ = {
			isa = XCBuildConfiguration;
			buildSettings = {
				INFOPLIST_FILE = "WatchImageGlitchDemo WatchKit Extension/Info.plist";
				LD_RUNPATH_SEARCH_PATHS = "$(inherited) @executable_path/Frameworks @executable_path/../../Frameworks";
				PRODUCT_NAME = "${TARGET_NAME}";
				SKIP_INSTALL = YES;
			};
			name = Release;
		};
/* End XCBuildConfiguration section */

/* Begin XCConfigurationList section */
		2B61F82F1AB4EC1D00D4CCBC /* Build configuration list for PBXProject "WatchImageGlitchDemo" */ = {
			isa = XCConfigurationList;
			buildConfigurations = (
				2B61F8511AB4EC1D00D4CCBC /* Debug */,
				2B61F8521AB4EC1D00D4CCBC /* Release */,
			);
			defaultConfigurationIsVisible = 0;
			defaultConfigurationName = Release;
		};
		2B61F8531AB4EC1D00D4CCBC /* Build configuration list for PBXNativeTarget "WatchImageGlitchDemo" */ = {
			isa = XCConfigurationList;
			buildConfigurations = (
				2B61F8541AB4EC1D00D4CCBC /* Debug */,
				2B61F8551AB4EC1D00D4CCBC /* Release */,
			);
			defaultConfigurationIsVisible = 0;
		};
		2B61F8561AB4EC1D00D4CCBC /* Build configuration list for PBXNativeTarget "WatchImageGlitchDemoTests" */ = {
			isa = XCConfigurationList;
			buildConfigurations = (
				2B61F8571AB4EC1D00D4CCBC /* Debug */,
				2B61F8581AB4EC1D00D4CCBC /* Release */,
			);
			defaultConfigurationIsVisible = 0;
		};
		2B61F8761AB4EC3400D4CCBC /* Build configuration list for PBXNativeTarget "WatchImageGlitchDemo WatchKit App" */ = {
			isa = XCConfigurationList;
			buildConfigurations = (
				2B61F8771AB4EC3400D4CCBC /* Debug */,
				2B61F8781AB4EC3400D4CCBC /* Release */,
			);
			defaultConfigurationIsVisible = 0;
		};
		2B61F8791AB4EC3400D4CCBC /* Build configuration list for PBXNativeTarget "WatchImageGlitchDemo WatchKit Extension" */ = {
			isa = XCConfigurationList;
			buildConfigurations = (
				2B61F87A1AB4EC3400D4CCBC /* Debug */,
				2B61F87B1AB4EC3400D4CCBC /* Release */,
			);
			defaultConfigurationIsVisible = 0;
		};
/* End XCConfigurationList section */
	};
	rootObject = 2B61F82C1AB4EC1D00D4CCBC /* Project object */;
}
